
Microsoft Visual Studio Solution File, Format Version 12.00
# Visual Studio Version 16
VisualStudioVersion = 16.0.30804.86
MinimumVisualStudioVersion = 10.0.40219.1
Project("{FAE04EC0-301F-11D3-BF4B-00C04F79EFBC}") = "Restaurants.Users.Api", "Restaurants.Users.Api.csproj", "{DDEEB7C8-B524-430D-9DBE-233DCEC67660}"
EndProject
Global
	GlobalSection(SolutionConfigurationPlatforms) = preSolution
		Debug|Any CPU = Debug|Any CPU
		Release|Any CPU = Release|Any CPU
	EndGlobalSection
	GlobalSection(ProjectConfigurationPlatforms) = postSolution
		{DDEEB7C8-B524-430D-9DBE-233DCEC67660}.Debug|Any CPU.ActiveCfg = Debug|Any CPU
		{DDEEB7C8-B524-430D-9DBE-233DCEC67660}.Debug|Any CPU.Build.0 = Debug|Any CPU
		{DDEEB7C8-B524-430D-9DBE-233DCEC67660}.Release|Any CPU.ActiveCfg = Release|Any CPU
		{DDEEB7C8-B524-430D-9DBE-233DCEC67660}.Release|Any CPU.Build.0 = Release|Any CPU
	EndGlobalSection
	GlobalSection(SolutionProperties) = preSolution
		HideSolutionNode = FALSE
	EndGlobalSection
	GlobalSection(ExtensibilityGlobals) = postSolution
		SolutionGuid = {CE195C4D-DE92-4B92-AEEA-EEA429052B00}
	EndGlobalSection
EndGlobal
